// !$*UTF8*$!
{
	archiveVersion = 1;
	classes = {
	};
	objectVersion = 46;
	objects = {

/* Begin PBXBuildFile section */
		2E151FE11995A52C00E11F39 /* main.m in Sources */ = {isa = PBXBuildFile; fileRef = 2E151FE01995A52C00E11F39 /* main.m */; };
		2E151FE41995A52C00E11F39 /* AppDelegate.m in Sources */ = {isa = PBXBuildFile; fileRef = 2E151FE31995A52C00E11F39 /* AppDelegate.m */; };
		2E151FE71995A52C00E11F39 /* IOSChallenge1.xcdatamodeld in Sources */ = {isa = PBXBuildFile; fileRef = 2E151FE51995A52C00E11F39 /* IOSChallenge1.xcdatamodeld */; };
		2E151FEF1995A52C00E11F39 /* Images.xcassets in Resources */ = {isa = PBXBuildFile; fileRef = 2E151FEE1995A52C00E11F39 /* Images.xcassets */; };
		2E151FFB1995A52C00E11F39 /* IOSChallenge1Tests.m in Sources */ = {isa = PBXBuildFile; fileRef = 2E151FFA1995A52C00E11F39 /* IOSChallenge1Tests.m */; };
		2E1520071995A57D00E11F39 /* RootViewController.m in Sources */ = {isa = PBXBuildFile; fileRef = 2E1520061995A57D00E11F39 /* RootViewController.m */; };
		2E15200B1995A8B500E11F39 /* RootViewDataSource.m in Sources */ = {isa = PBXBuildFile; fileRef = 2E15200A1995A8B500E11F39 /* RootViewDataSource.m */; };
		2ED061C01995C6D500097B3A /* Main.storyboard in Resources */ = {isa = PBXBuildFile; fileRef = 2ED061BE1995C6D500097B3A /* Main.storyboard */; };
		2EDE15921995BF6700231E40 /* SecondViewController.m in Sources */ = {isa = PBXBuildFile; fileRef = 2EDE15911995BF6700231E40 /* SecondViewController.m */; };
		2EDE15951995C17200231E40 /* cat.jpg in Resources */ = {isa = PBXBuildFile; fileRef = 2EDE15941995C17200231E40 /* cat.jpg */; };
/* End PBXBuildFile section */

/* Begin PBXContainerItemProxy section */
		2E151FF51995A52C00E11F39 /* PBXContainerItemProxy */ = {
			isa = PBXContainerItemProxy;
			containerPortal = 2E151FD31995A52C00E11F39 /* Project object */;
			proxyType = 1;
			remoteGlobalIDString = 2E151FDA1995A52C00E11F39;
			remoteInfo = IOSChallenge1;
		};
/* End PBXContainerItemProxy section */

/* Begin PBXFileReference section */
		2E151FDB1995A52C00E11F39 /* IOSChallenge1.app */ = {isa = PBXFileReference; explicitFileType = wrapper.application; includeInIndex = 0; path = IOSChallenge1.app; sourceTree = BUILT_PRODUCTS_DIR; };
		2E151FDF1995A52C00E11F39 /* Info.plist */ = {isa = PBXFileReference; lastKnownFileType = text.plist.xml; path = Info.plist; sourceTree = "<group>"; };
		2E151FE01995A52C00E11F39 /* main.m */ = {isa = PBXFileReference; lastKnownFileType = sourcecode.c.objc; path = main.m; sourceTree = "<group>"; };
		2E151FE21995A52C00E11F39 /* AppDelegate.h */ = {isa = PBXFileReference; lastKnownFileType = sourcecode.c.h; path = AppDelegate.h; sourceTree = "<group>"; };
		2E151FE31995A52C00E11F39 /* AppDelegate.m */ = {isa = PBXFileReference; lastKnownFileType = sourcecode.c.objc; path = AppDelegate.m; sourceTree = "<group>"; };
		2E151FE61995A52C00E11F39 /* IOSChallenge1.xcdatamodel */ = {isa = PBXFileReference; lastKnownFileType = wrapper.xcdatamodel; path = IOSChallenge1.xcdatamodel; sourceTree = "<group>"; };
		2E151FEE1995A52C00E11F39 /* Images.xcassets */ = {isa = PBXFileReference; lastKnownFileType = folder.assetcatalog; path = Images.xcassets; sourceTree = "<group>"; };
		2E151FF41995A52C00E11F39 /* IOSChallenge1Tests.xctest */ = {isa = PBXFileReference; explicitFileType = wrapper.cfbundle; includeInIndex = 0; path = IOSChallenge1Tests.xctest; sourceTree = BUILT_PRODUCTS_DIR; };
		2E151FF91995A52C00E11F39 /* Info.plist */ = {isa = PBXFileReference; lastKnownFileType = text.plist.xml; path = Info.plist; sourceTree = "<group>"; };
		2E151FFA1995A52C00E11F39 /* IOSChallenge1Tests.m */ = {isa = PBXFileReference; lastKnownFileType = sourcecode.c.objc; path = IOSChallenge1Tests.m; sourceTree = "<group>"; };
		2E1520051995A57D00E11F39 /* RootViewController.h */ = {isa = PBXFileReference; fileEncoding = 4; lastKnownFileType = sourcecode.c.h; path = RootViewController.h; sourceTree = "<group>"; };
		2E1520061995A57D00E11F39 /* RootViewController.m */ = {isa = PBXFileReference; fileEncoding = 4; lastKnownFileType = sourcecode.c.objc; path = RootViewController.m; sourceTree = "<group>"; };
		2E1520091995A8B500E11F39 /* RootViewDataSource.h */ = {isa = PBXFileReference; fileEncoding = 4; lastKnownFileType = sourcecode.c.h; path = RootViewDataSource.h; sourceTree = "<group>"; };
		2E15200A1995A8B500E11F39 /* RootViewDataSource.m */ = {isa = PBXFileReference; fileEncoding = 4; lastKnownFileType = sourcecode.c.objc; path = RootViewDataSource.m; sourceTree = "<group>"; };
		2ED061BF1995C6D500097B3A /* Base */ = {isa = PBXFileReference; lastKnownFileType = file.storyboard; name = Base; path = Base.lproj/Main.storyboard; sourceTree = "<group>"; };
		2EDE15901995BF6700231E40 /* SecondViewController.h */ = {isa = PBXFileReference; fileEncoding = 4; lastKnownFileType = sourcecode.c.h; path = SecondViewController.h; sourceTree = "<group>"; };
		2EDE15911995BF6700231E40 /* SecondViewController.m */ = {isa = PBXFileReference; fileEncoding = 4; lastKnownFileType = sourcecode.c.objc; path = SecondViewController.m; sourceTree = "<group>"; };
		2EDE15941995C17200231E40 /* cat.jpg */ = {isa = PBXFileReference; lastKnownFileType = image.jpeg; path = cat.jpg; sourceTree = "<group>"; };
/* End PBXFileReference section */

/* Begin PBXFrameworksBuildPhase section */
		2E151FD81995A52C00E11F39 /* Frameworks */ = {
			isa = PBXFrameworksBuildPhase;
			buildActionMask = 2147483647;
			files = (
			);
			runOnlyForDeploymentPostprocessing = 0;
		};
		2E151FF11995A52C00E11F39 /* Frameworks */ = {
			isa = PBXFrameworksBuildPhase;
			buildActionMask = 2147483647;
			files = (
			);
			runOnlyForDeploymentPostprocessing = 0;
		};
/* End PBXFrameworksBuildPhase section */

/* Begin PBXGroup section */
		2E151FD21995A52C00E11F39 = {
			isa = PBXGroup;
			children = (
				2E151FDD1995A52C00E11F39 /* IOSChallenge1 */,
				2E151FF71995A52C00E11F39 /* IOSChallenge1Tests */,
				2E151FDC1995A52C00E11F39 /* Products */,
			);
			sourceTree = "<group>";
		};
		2E151FDC1995A52C00E11F39 /* Products */ = {
			isa = PBXGroup;
			children = (
				2E151FDB1995A52C00E11F39 /* IOSChallenge1.app */,
				2E151FF41995A52C00E11F39 /* IOSChallenge1Tests.xctest */,
			);
			name = Products;
			sourceTree = "<group>";
		};
		2E151FDD1995A52C00E11F39 /* IOSChallenge1 */ = {
			isa = PBXGroup;
			children = (
				2E151FE21995A52C00E11F39 /* AppDelegate.h */,
				2E151FE31995A52C00E11F39 /* AppDelegate.m */,
				2E1520041995A56100E11F39 /* Views */,
				2E1520081995A88F00E11F39 /* DataSources */,
				2EDE15931995C16400231E40 /* Images */,
				2E151FEE1995A52C00E11F39 /* Images.xcassets */,
				2E151FE51995A52C00E11F39 /* IOSChallenge1.xcdatamodeld */,
				2ED061BE1995C6D500097B3A /* Main.storyboard */,
				2E151FDE1995A52C00E11F39 /* Supporting Files */,
			);
			path = IOSChallenge1;
			sourceTree = "<group>";
		};
		2E151FDE1995A52C00E11F39 /* Supporting Files */ = {
			isa = PBXGroup;
			children = (
				2E151FDF1995A52C00E11F39 /* Info.plist */,
				2E151FE01995A52C00E11F39 /* main.m */,
			);
			name = "Supporting Files";
			sourceTree = "<group>";
		};
		2E151FF71995A52C00E11F39 /* IOSChallenge1Tests */ = {
			isa = PBXGroup;
			children = (
				2E151FFA1995A52C00E11F39 /* IOSChallenge1Tests.m */,
				2E151FF81995A52C00E11F39 /* Supporting Files */,
			);
			path = IOSChallenge1Tests;
			sourceTree = "<group>";
		};
		2E151FF81995A52C00E11F39 /* Supporting Files */ = {
			isa = PBXGroup;
			children = (
				2E151FF91995A52C00E11F39 /* Info.plist */,
			);
			name = "Supporting Files";
			sourceTree = "<group>";
		};
		2E1520041995A56100E11F39 /* Views */ = {
			isa = PBXGroup;
			children = (
				2E1520051995A57D00E11F39 /* RootViewController.h */,
				2E1520061995A57D00E11F39 /* RootViewController.m */,
				2EDE15901995BF6700231E40 /* SecondViewController.h */,
				2EDE15911995BF6700231E40 /* SecondViewController.m */,
			);
			name = Views;
			sourceTree = "<group>";
		};
		2E1520081995A88F00E11F39 /* DataSources */ = {
			isa = PBXGroup;
			children = (
				2E1520091995A8B500E11F39 /* RootViewDataSource.h */,
				2E15200A1995A8B500E11F39 /* RootViewDataSource.m */,
			);
			name = DataSources;
			sourceTree = "<group>";
		};
		2EDE15931995C16400231E40 /* Images */ = {
			isa = PBXGroup;
			children = (
				2EDE15941995C17200231E40 /* cat.jpg */,
			);
			name = Images;
			sourceTree = "<group>";
		};
/* End PBXGroup section */

/* Begin PBXNativeTarget section */
		2E151FDA1995A52C00E11F39 /* IOSChallenge1 */ = {
			isa = PBXNativeTarget;
			buildConfigurationList = 2E151FFE1995A52C00E11F39 /* Build configuration list for PBXNativeTarget "IOSChallenge1" */;
			buildPhases = (
				2E151FD71995A52C00E11F39 /* Sources */,
				2E151FD81995A52C00E11F39 /* Frameworks */,
				2E151FD91995A52C00E11F39 /* Resources */,
			);
			buildRules = (
			);
			dependencies = (
			);
			name = IOSChallenge1;
			productName = IOSChallenge1;
			productReference = 2E151FDB1995A52C00E11F39 /* IOSChallenge1.app */;
			productType = "com.apple.product-type.application";
		};
		2E151FF31995A52C00E11F39 /* IOSChallenge1Tests */ = {
			isa = PBXNativeTarget;
			buildConfigurationList = 2E1520011995A52C00E11F39 /* Build configuration list for PBXNativeTarget "IOSChallenge1Tests" */;
			buildPhases = (
				2E151FF01995A52C00E11F39 /* Sources */,
				2E151FF11995A52C00E11F39 /* Frameworks */,
				2E151FF21995A52C00E11F39 /* Resources */,
			);
			buildRules = (
			);
			dependencies = (
				2E151FF61995A52C00E11F39 /* PBXTargetDependency */,
			);
			name = IOSChallenge1Tests;
			productName = IOSChallenge1Tests;
			productReference = 2E151FF41995A52C00E11F39 /* IOSChallenge1Tests.xctest */;
			productType = "com.apple.product-type.bundle.unit-test";
		};
/* End PBXNativeTarget section */

/* Begin PBXProject section */
		2E151FD31995A52C00E11F39 /* Project object */ = {
			isa = PBXProject;
			attributes = {
				LastUpgradeCheck = 0600;
				ORGANIZATIONNAME = moobat;
				TargetAttributes = {
					2E151FDA1995A52C00E11F39 = {
						CreatedOnToolsVersion = 6.0;
					};
					2E151FF31995A52C00E11F39 = {
						CreatedOnToolsVersion = 6.0;
						TestTargetID = 2E151FDA1995A52C00E11F39;
					};
				};
			};
			buildConfigurationList = 2E151FD61995A52C00E11F39 /* Build configuration list for PBXProject "IOSChallenge1" */;
			compatibilityVersion = "Xcode 3.2";
			developmentRegion = English;
			hasScannedForEncodings = 0;
			knownRegions = (
				en,
				Base,
			);
			mainGroup = 2E151FD21995A52C00E11F39;
			productRefGroup = 2E151FDC1995A52C00E11F39 /* Products */;
			projectDirPath = "";
			projectRoot = "";
			targets = (
				2E151FDA1995A52C00E11F39 /* IOSChallenge1 */,
				2E151FF31995A52C00E11F39 /* IOSChallenge1Tests */,
			);
		};
/* End PBXProject section */

/* Begin PBXResourcesBuildPhase section */
		2E151FD91995A52C00E11F39 /* Resources */ = {
			isa = PBXResourcesBuildPhase;
			buildActionMask = 2147483647;
			files = (
				2ED061C01995C6D500097B3A /* Main.storyboard in Resources */,
				2EDE15951995C17200231E40 /* cat.jpg in Resources */,
				2E151FEF1995A52C00E11F39 /* Images.xcassets in Resources */,
			);
			runOnlyForDeploymentPostprocessing = 0;
		};
		2E151FF21995A52C00E11F39 /* Resources */ = {
			isa = PBXResourcesBuildPhase;
			buildActionMask = 2147483647;
			files = (
			);
			runOnlyForDeploymentPostprocessing = 0;
		};
/* End PBXResourcesBuildPhase section */

/* Begin PBXSourcesBuildPhase section */
		2E151FD71995A52C00E11F39 /* Sources */ = {
			isa = PBXSourcesBuildPhase;
			buildActionMask = 2147483647;
			files = (
				2EDE15921995BF6700231E40 /* SecondViewController.m in Sources */,
				2E151FE41995A52C00E11F39 /* AppDelegate.m in Sources */,
				2E151FE71995A52C00E11F39 /* IOSChallenge1.xcdatamodeld in Sources */,
				2E1520071995A57D00E11F39 /* RootViewController.m in Sources */,
				2E151FE11995A52C00E11F39 /* main.m in Sources */,
				2E15200B1995A8B500E11F39 /* RootViewDataSource.m in Sources */,
			);
			runOnlyForDeploymentPostprocessing = 0;
		};
		2E151FF01995A52C00E11F39 /* Sources */ = {
			isa = PBXSourcesBuildPhase;
			buildActionMask = 2147483647;
			files = (
				2E151FFB1995A52C00E11F39 /* IOSChallenge1Tests.m in Sources */,
			);
			runOnlyForDeploymentPostprocessing = 0;
		};
/* End PBXSourcesBuildPhase section */

/* Begin PBXTargetDependency section */
		2E151FF61995A52C00E11F39 /* PBXTargetDependency */ = {
			isa = PBXTargetDependency;
			target = 2E151FDA1995A52C00E11F39 /* IOSChallenge1 */;
			targetProxy = 2E151FF51995A52C00E11F39 /* PBXContainerItemProxy */;
		};
/* End PBXTargetDependency section */

/* Begin PBXVariantGroup section */
		2ED061BE1995C6D500097B3A /* Main.storyboard */ = {
			isa = PBXVariantGroup;
			children = (
				2ED061BF1995C6D500097B3A /* Base */,
			);
			name = Main.storyboard;
			sourceTree = "<group>";
		};
/* End PBXVariantGroup section */

/* Begin XCBuildConfiguration section */
		2E151FFC1995A52C00E11F39 /* Debug */ = {
			isa = XCBuildConfiguration;
			buildSettings = {
				ALWAYS_SEARCH_USER_PATHS = NO;
				CLANG_CXX_LANGUAGE_STANDARD = "gnu++0x";
				CLANG_CXX_LIBRARY = "libc++";
				CLANG_ENABLE_MODULES = YES;
				CLANG_ENABLE_OBJC_ARC = YES;
				CLANG_WARN_BOOL_CONVERSION = YES;
				CLANG_WARN_CONSTANT_CONVERSION = YES;
				CLANG_WARN_DIRECT_OBJC_ISA_USAGE = YES_ERROR;
				CLANG_WARN_EMPTY_BODY = YES;
				CLANG_WARN_ENUM_CONVERSION = YES;
				CLANG_WARN_INT_CONVERSION = YES;
				CLANG_WARN_OBJC_ROOT_CLASS = YES_ERROR;
				CLANG_WARN_UNREACHABLE_CODE = YES;
				CLANG_WARN__DUPLICATE_METHOD_MATCH = YES;
				"CODE_SIGN_IDENTITY[sdk=iphoneos*]" = "iPhone Developer";
				COPY_PHASE_STRIP = NO;
				ENABLE_STRICT_OBJC_MSGSEND = YES;
				GCC_C_LANGUAGE_STANDARD = gnu99;
				GCC_DYNAMIC_NO_PIC = NO;
				GCC_OPTIMIZATION_LEVEL = 0;
				GCC_PREPROCESSOR_DEFINITIONS = (
					"DEBUG=1",
					"$(inherited)",
				);
				GCC_SYMBOLS_PRIVATE_EXTERN = NO;
				GCC_WARN_64_TO_32_BIT_CONVERSION = YES;
				GCC_WARN_ABOUT_RETURN_TYPE = YES_ERROR;
				GCC_WARN_UNDECLARED_SELECTOR = YES;
				GCC_WARN_UNINITIALIZED_AUTOS = YES_AGGRESSIVE;
				GCC_WARN_UNUSED_FUNCTION = YES;
				GCC_WARN_UNUSED_VARIABLE = YES;
				IPHONEOS_DEPLOYMENT_TARGET = 7.0;
				MTL_ENABLE_DEBUG_INFO = YES;
				ONLY_ACTIVE_ARCH = YES;
				SDKROOT = iphoneos;
				TARGETED_DEVICE_FAMILY = "1,2";
			};
			name = Debug;
		};
		2E151FFD1995A52C00E11F39 /* Release */ = {
			isa = XCBuildConfiguration;
			buildSettings = {
				ALWAYS_SEARCH_USER_PATHS = NO;
				CLANG_CXX_LANGUAGE_STANDARD = "gnu++0x";
				CLANG_CXX_LIBRARY = "libc++";
				CLANG_ENABLE_MODULES = YES;
				CLANG_ENABLE_OBJC_ARC = YES;
				CLANG_WARN_BOOL_CONVERSION = YES;
				CLANG_WARN_CONSTANT_CONVERSION = YES;
				CLANG_WARN_DIRECT_OBJC_ISA_USAGE = YES_ERROR;
				CLANG_WARN_EMPTY_BODY = YES;
				CLANG_WARN_ENUM_CONVERSION = YES;
				CLANG_WARN_INT_CONVERSION = YES;
				CLANG_WARN_OBJC_ROOT_CLASS = YES_ERROR;
				CLANG_WARN_UNREACHABLE_CODE = YES;
				CLANG_WARN__DUPLICATE_METHOD_MATCH = YES;
				"CODE_SIGN_IDENTITY[sdk=iphoneos*]" = "iPhone Developer";
				COPY_PHASE_STRIP = YES;
				ENABLE_NS_ASSERTIONS = NO;
				ENABLE_STRICT_OBJC_MSGSEND = YES;
				GCC_C_LANGUAGE_STANDARD = gnu99;
				GCC_WARN_64_TO_32_BIT_CONVERSION = YES;
				GCC_WARN_ABOUT_RETURN_TYPE = YES_ERROR;
				GCC_WARN_UNDECLARED_SELECTOR = YES;
				GCC_WARN_UNINITIALIZED_AUTOS = YES_AGGRESSIVE;
				GCC_WARN_UNUSED_FUNCTION = YES;
				GCC_WARN_UNUSED_VARIABLE = YES;
				IPHONEOS_DEPLOYMENT_TARGET = 7.0;
				MTL_ENABLE_DEBUG_INFO = NO;
				SDKROOT = iphoneos;
				TARGETED_DEVICE_FAMILY = "1,2";
				VALIDATE_PRODUCT = YES;
			};
			name = Release;
		};
		2E151FFF1995A52C00E11F39 /* Debug */ = {
			isa = XCBuildConfiguration;
			buildSettings = {
				ASSETCATALOG_COMPILER_APPICON_NAME = AppIcon;
				ASSETCATALOG_COMPILER_LAUNCHIMAGE_NAME = LaunchImage;
				INFOPLIST_FILE = IOSChallenge1/Info.plist;
				IPHONEOS_DEPLOYMENT_TARGET = 7.0;
				LD_RUNPATH_SEARCH_PATHS = "$(inherited) @executable_path/Frameworks";
				PRODUCT_NAME = "$(TARGET_NAME)";
			};
			name = Debug;
		};
		2E1520001995A52C00E11F39 /* Release */ = {
			isa = XCBuildConfiguration;
			buildSettings = {
				ASSETCATALOG_COMPILER_APPICON_NAME = AppIcon;
				ASSETCATALOG_COMPILER_LAUNCHIMAGE_NAME = LaunchImage;
				INFOPLIST_FILE = IOSChallenge1/Info.plist;
				IPHONEOS_DEPLOYMENT_TARGET = 7.0;
				LD_RUNPATH_SEARCH_PATHS = "$(inherited) @executable_path/Frameworks";
				PRODUCT_NAME = "$(TARGET_NAME)";
			};
			name = Release;
		};
		2E1520021995A52C00E11F39 /* Debug */ = {
			isa = XCBuildConfiguration;
			buildSettings = {
				BUNDLE_LOADER = "$(BUILT_PRODUCTS_DIR)/IOSChallenge1.app/IOSChallenge1";
				FRAMEWORK_SEARCH_PATHS = (
					"$(SDKROOT)/Developer/Library/Frameworks",
					"$(inherited)",
				);
				GCC_PREPROCESSOR_DEFINITIONS = (
					"DEBUG=1",
					"$(inherited)",
				);
				INFOPLIST_FILE = IOSChallenge1Tests/Info.plist;
				IPHONEOS_DEPLOYMENT_TARGET = 7.0;
				LD_RUNPATH_SEARCH_PATHS = "$(inherited) @executable_path/Frameworks @loader_path/Frameworks";
				PRODUCT_NAME = "$(TARGET_NAME)";
				TEST_HOST = "$(BUNDLE_LOADER)";
			};
			name = Debug;
		};
		2E1520031995A52C00E11F39 /* Release */ = {
			isa = XCBuildConfiguration;
			buildSettings = {
				BUNDLE_LOADER = "$(BUILT_PRODUCTS_DIR)/IOSChallenge1.app/IOSChallenge1";
				FRAMEWORK_SEARCH_PATHS = (
					"$(SDKROOT)/Developer/Library/Frameworks",
					"$(inherited)",
				);
				INFOPLIST_FILE = IOSChallenge1Tests/Info.plist;
				IPHONEOS_DEPLOYMENT_TARGET = 7.0;
				LD_RUNPATH_SEARCH_PATHS = "$(inherited) @executable_path/Frameworks @loader_path/Frameworks";
				PRODUCT_NAME = "$(TARGET_NAME)";
				TEST_HOST = "$(BUNDLE_LOADER)";
			};
			name = Release;
		};
/* End XCBuildConfiguration section */

/* Begin XCConfigurationList section */
		2E151FD61995A52C00E11F39 /* Build configuration list for PBXProject "IOSChallenge1" */ = {
			isa = XCConfigurationList;
			buildConfigurations = (
				2E151FFC1995A52C00E11F39 /* Debug */,
				2E151FFD1995A52C00E11F39 /* Release */,
			);
			defaultConfigurationIsVisible = 0;
			defaultConfigurationName = Release;
		};
		2E151FFE1995A52C00E11F39 /* Build configuration list for PBXNativeTarget "IOSChallenge1" */ = {
			isa = XCConfigurationList;
			buildConfigurations = (
				2E151FFF1995A52C00E11F39 /* Debug */,
				2E1520001995A52C00E11F39 /* Release */,
			);
			defaultConfigurationIsVisible = 0;
			defaultConfigurationName = Release;
		};
		2E1520011995A52C00E11F39 /* Build configuration list for PBXNativeTarget "IOSChallenge1Tests" */ = {
			isa = XCConfigurationList;
			buildConfigurations = (
				2E1520021995A52C00E11F39 /* Debug */,
				2E1520031995A52C00E11F39 /* Release */,
			);
			defaultConfigurationIsVisible = 0;
			defaultConfigurationName = Release;
		};
/* End XCConfigurationList section */

/* Begin XCVersionGroup section */
		2E151FE51995A52C00E11F39 /* IOSChallenge1.xcdatamodeld */ = {
			isa = XCVersionGroup;
			children = (
				2E151FE61995A52C00E11F39 /* IOSChallenge1.xcdatamodel */,
			);
			currentVersion = 2E151FE61995A52C00E11F39 /* IOSChallenge1.xcdatamodel */;
			path = IOSChallenge1.xcdatamodeld;
			sourceTree = "<group>";
			versionGroupType = wrapper.xcdatamodel;
		};
/* End XCVersionGroup section */
	};
	rootObject = 2E151FD31995A52C00E11F39 /* Project object */;
}
